
Microsoft Visual Studio Solution File, Format Version 12.00
# Visual Studio Version 17
VisualStudioVersion = 17.10.35027.167
MinimumVisualStudioVersion = 10.0.40219.1
Project("{FAE04EC0-301F-11D3-BF4B-00C04F79EFBC}") = "pryFerreyraActSP4", "pryFerreyraSP4\pryFerreyraActSP4.csproj", "{F5F9B062-EB8E-4B5B-B2BE-ED988BB8D14E}"
EndProject
Global
	GlobalSection(SolutionConfigurationPlatforms) = preSolution
		Debug|Any CPU = Debug|Any CPU
		Release|Any CPU = Release|Any CPU
	EndGlobalSection
	GlobalSection(ProjectConfigurationPlatforms) = postSolution
		{F5F9B062-EB8E-4B5B-B2BE-ED988BB8D14E}.Debug|Any CPU.ActiveCfg = Debug|Any CPU
		{F5F9B062-EB8E-4B5B-B2BE-ED988BB8D14E}.Debug|Any CPU.Build.0 = Debug|Any CPU
		{F5F9B062-EB8E-4B5B-B2BE-ED988BB8D14E}.Release|Any CPU.ActiveCfg = Release|Any CPU
		{F5F9B062-EB8E-4B5B-B2BE-ED988BB8D14E}.Release|Any CPU.Build.0 = Release|Any CPU
	EndGlobalSection
	GlobalSection(SolutionProperties) = preSolution
		HideSolutionNode = FALSE
	EndGlobalSection
	GlobalSection(ExtensibilityGlobals) = postSolution
		SolutionGuid = {C37BCC25-3F62-4B61-96FE-8538608CFE69}
	EndGlobalSection
EndGlobal
